{
  "name": "htm模块",
  "lockfileVersion": 3,
  "requires": true,
  "packages": {
    "": {
      "dependencies": {
        "htm": "^3.1.1"
      }
    },
    "node_modules/htm": {
      "version": "3.1.1",
      "resolved": "https://mirrors.cloud.tencent.com/npm/htm/-/htm-3.1.1.tgz",
      "integrity": "sha512-983Vyg8NwUE7JkZ6NmOqpCZ+sh1bKv2iYTlUkzlWmA5JD2acKoxd4KVxbMmxX/85mtfdnDmTFoNKcg5DGAvxNQ=="
    }
  }
}
